
Microsoft Visual Studio Solution File, Format Version 12.00
# Visual Studio Version 16
VisualStudioVersion = 16.0.30907.101
MinimumVisualStudioVersion = 10.0.40219.1
Project("{FAE04EC0-301F-11D3-BF4B-00C04F79EFBC}") = "VantageCreekApartment2", "VantageCreekApartment2\VantageCreekApartment2.csproj", "{39923134-1C57-4BDA-8599-7A84C8470C14}"
EndProject
Global
	GlobalSection(SolutionConfigurationPlatforms) = preSolution
		Debug|Any CPU = Debug|Any CPU
		Release|Any CPU = Release|Any CPU
	EndGlobalSection
	GlobalSection(ProjectConfigurationPlatforms) = postSolution
		{39923134-1C57-4BDA-8599-7A84C8470C14}.Debug|Any CPU.ActiveCfg = Debug|Any CPU
		{39923134-1C57-4BDA-8599-7A84C8470C14}.Debug|Any CPU.Build.0 = Debug|Any CPU
		{39923134-1C57-4BDA-8599-7A84C8470C14}.Release|Any CPU.ActiveCfg = Release|Any CPU
		{39923134-1C57-4BDA-8599-7A84C8470C14}.Release|Any CPU.Build.0 = Release|Any CPU
	EndGlobalSection
	GlobalSection(SolutionProperties) = preSolution
		HideSolutionNode = FALSE
	EndGlobalSection
	GlobalSection(ExtensibilityGlobals) = postSolution
		SolutionGuid = {B0775740-BC80-4A88-A085-38B5A91943F7}
	EndGlobalSection
EndGlobal
